
Microsoft Visual Studio Solution File, Format Version 12.00
# Visual Studio Version 17
VisualStudioVersion = 17.6.33712.159
MinimumVisualStudioVersion = 10.0.40219.1
Project("{9A19103F-16F7-4668-BE54-9A1E7A4F7556}") = "Kreislauf", "Krsilaufdb\Kreislauf.csproj", "{52CE1CC9-2A63-4638-8DE2-65CAC87EA26F}"
EndProject
Project("{9A19103F-16F7-4668-BE54-9A1E7A4F7556}") = "UI_Layer", "UI_Layer\UI_Layer.csproj", "{7EA5C7E0-752D-450D-9FDF-E540C671BA60}"
	ProjectSection(ProjectDependencies) = postProject
		{52CE1CC9-2A63-4638-8DE2-65CAC87EA26F} = {52CE1CC9-2A63-4638-8DE2-65CAC87EA26F}
	EndProjectSection
EndProject
Project("{9A19103F-16F7-4668-BE54-9A1E7A4F7556}") = "MvvM", "MvvM\MvvM.csproj", "{9451CAC0-F280-40AC-BD30-D4271D1C75C2}"
EndProject
Project("{9A19103F-16F7-4668-BE54-9A1E7A4F7556}") = "BarCoding", "BarCoding\BarCoding.csproj", "{CB4E4E0C-53BD-4B6C-A13D-7F93018E9558}"
EndProject
Project("{FAE04EC0-301F-11D3-BF4B-00C04F79EFBC}") = "KreislaufUnitTest", "KreislaufUnitTest\KreislaufUnitTest.csproj", "{803A8C68-02FE-4CA1-AE7A-86B49B11793A}"
EndProject
Global
	GlobalSection(SolutionConfigurationPlatforms) = preSolution
		Debug|Any CPU = Debug|Any CPU
		Release|Any CPU = Release|Any CPU
	EndGlobalSection
	GlobalSection(ProjectConfigurationPlatforms) = postSolution
		{52CE1CC9-2A63-4638-8DE2-65CAC87EA26F}.Debug|Any CPU.ActiveCfg = Debug|Any CPU
		{52CE1CC9-2A63-4638-8DE2-65CAC87EA26F}.Debug|Any CPU.Build.0 = Debug|Any CPU
		{52CE1CC9-2A63-4638-8DE2-65CAC87EA26F}.Release|Any CPU.ActiveCfg = Release|Any CPU
		{52CE1CC9-2A63-4638-8DE2-65CAC87EA26F}.Release|Any CPU.Build.0 = Release|Any CPU
		{7EA5C7E0-752D-450D-9FDF-E540C671BA60}.Debug|Any CPU.ActiveCfg = Debug|Any CPU
		{7EA5C7E0-752D-450D-9FDF-E540C671BA60}.Debug|Any CPU.Build.0 = Debug|Any CPU
		{7EA5C7E0-752D-450D-9FDF-E540C671BA60}.Release|Any CPU.ActiveCfg = Release|Any CPU
		{7EA5C7E0-752D-450D-9FDF-E540C671BA60}.Release|Any CPU.Build.0 = Release|Any CPU
		{9451CAC0-F280-40AC-BD30-D4271D1C75C2}.Debug|Any CPU.ActiveCfg = Debug|Any CPU
		{9451CAC0-F280-40AC-BD30-D4271D1C75C2}.Debug|Any CPU.Build.0 = Debug|Any CPU
		{9451CAC0-F280-40AC-BD30-D4271D1C75C2}.Release|Any CPU.ActiveCfg = Release|Any CPU
		{9451CAC0-F280-40AC-BD30-D4271D1C75C2}.Release|Any CPU.Build.0 = Release|Any CPU
		{CB4E4E0C-53BD-4B6C-A13D-7F93018E9558}.Debug|Any CPU.ActiveCfg = Debug|Any CPU
		{CB4E4E0C-53BD-4B6C-A13D-7F93018E9558}.Debug|Any CPU.Build.0 = Debug|Any CPU
		{CB4E4E0C-53BD-4B6C-A13D-7F93018E9558}.Release|Any CPU.ActiveCfg = Release|Any CPU
		{CB4E4E0C-53BD-4B6C-A13D-7F93018E9558}.Release|Any CPU.Build.0 = Release|Any CPU
		{803A8C68-02FE-4CA1-AE7A-86B49B11793A}.Debug|Any CPU.ActiveCfg = Debug|Any CPU
		{803A8C68-02FE-4CA1-AE7A-86B49B11793A}.Debug|Any CPU.Build.0 = Debug|Any CPU
		{803A8C68-02FE-4CA1-AE7A-86B49B11793A}.Release|Any CPU.ActiveCfg = Release|Any CPU
		{803A8C68-02FE-4CA1-AE7A-86B49B11793A}.Release|Any CPU.Build.0 = Release|Any CPU
	EndGlobalSection
	GlobalSection(SolutionProperties) = preSolution
		HideSolutionNode = FALSE
	EndGlobalSection
	GlobalSection(ExtensibilityGlobals) = postSolution
		SolutionGuid = {DCD310C2-6359-4CD9-92EB-B5DE22138057}
	EndGlobalSection
EndGlobal
